// !$*UTF8*$!
{
	archiveVersion = 1;
	classes = {
	};
	objectVersion = 50;
	objects = {

/* Begin PBXBuildFile section */
		99861D1F23EFDB5900B7EBD0 /* AppDelegate.swift in Sources */ = {isa = PBXBuildFile; fileRef = 99861D1E23EFDB5900B7EBD0 /* AppDelegate.swift */; };
		99861D2123EFDB5900B7EBD0 /* SceneDelegate.swift in Sources */ = {isa = PBXBuildFile; fileRef = 99861D2023EFDB5900B7EBD0 /* SceneDelegate.swift */; };
		99861D2323EFDB5900B7EBD0 /* ViewController.swift in Sources */ = {isa = PBXBuildFile; fileRef = 99861D2223EFDB5900B7EBD0 /* ViewController.swift */; };
		99861D2623EFDB5900B7EBD0 /* Main.storyboard in Resources */ = {isa = PBXBuildFile; fileRef = 99861D2423EFDB5900B7EBD0 /* Main.storyboard */; };
		99861D2823EFDB5D00B7EBD0 /* Assets.xcassets in Resources */ = {isa = PBXBuildFile; fileRef = 99861D2723EFDB5D00B7EBD0 /* Assets.xcassets */; };
		99861D2B23EFDB5D00B7EBD0 /* LaunchScreen.storyboard in Resources */ = {isa = PBXBuildFile; fileRef = 99861D2923EFDB5D00B7EBD0 /* LaunchScreen.storyboard */; };
/* End PBXBuildFile section */

/* Begin PBXFileReference section */
		99861D1B23EFDB5900B7EBD0 /* HelloVisitor.app */ = {isa = PBXFileReference; explicitFileType = wrapper.application; includeInIndex = 0; path = HelloVisitor.app; sourceTree = BUILT_PRODUCTS_DIR; };
		99861D1E23EFDB5900B7EBD0 /* AppDelegate.swift */ = {isa = PBXFileReference; lastKnownFileType = sourcecode.swift; path = AppDelegate.swift; sourceTree = "<group>"; };
		99861D2023EFDB5900B7EBD0 /* SceneDelegate.swift */ = {isa = PBXFileReference; lastKnownFileType = sourcecode.swift; path = SceneDelegate.swift; sourceTree = "<group>"; };
		99861D2223EFDB5900B7EBD0 /* ViewController.swift */ = {isa = PBXFileReference; lastKnownFileType = sourcecode.swift; path = ViewController.swift; sourceTree = "<group>"; };
		99861D2523EFDB5900B7EBD0 /* Base */ = {isa = PBXFileReference; lastKnownFileType = file.storyboard; name = Base; path = Base.lproj/Main.storyboard; sourceTree = "<group>"; };
		99861D2723EFDB5D00B7EBD0 /* Assets.xcassets */ = {isa = PBXFileReference; lastKnownFileType = folder.assetcatalog; path = Assets.xcassets; sourceTree = "<group>"; };
		99861D2A23EFDB5D00B7EBD0 /* Base */ = {isa = PBXFileReference; lastKnownFileType = file.storyboard; name = Base; path = Base.lproj/LaunchScreen.storyboard; sourceTree = "<group>"; };
		99861D2C23EFDB5D00B7EBD0 /* Info.plist */ = {isa = PBXFileReference; lastKnownFileType = text.plist.xml; path = Info.plist; sourceTree = "<group>"; };
/* End PBXFileReference section */

/* Begin PBXFrameworksBuildPhase section */
		99861D1823EFDB5900B7EBD0 /* Frameworks */ = {
			isa = PBXFrameworksBuildPhase;
			buildActionMask = 2147483647;
			files = (
			);
			runOnlyForDeploymentPostprocessing = 0;
		};
/* End PBXFrameworksBuildPhase section */

/* Begin PBXGroup section */
		99861D1223EFDB5900B7EBD0 = {
			isa = PBXGroup;
			children = (
				99861D1D23EFDB5900B7EBD0 /* HelloVisitor */,
				99861D1C23EFDB5900B7EBD0 /* Products */,
			);
			sourceTree = "<group>";
		};
		99861D1C23EFDB5900B7EBD0 /* Products */ = {
			isa = PBXGroup;
			children = (
				99861D1B23EFDB5900B7EBD0 /* HelloVisitor.app */,
			);
			name = Products;
			sourceTree = "<group>";
		};
		99861D1D23EFDB5900B7EBD0 /* HelloVisitor */ = {
			isa = PBXGroup;
			children = (
				99861D1E23EFDB5900B7EBD0 /* AppDelegate.swift */,
				99861D2023EFDB5900B7EBD0 /* SceneDelegate.swift */,
				99861D2223EFDB5900B7EBD0 /* ViewController.swift */,
				99861D2423EFDB5900B7EBD0 /* Main.storyboard */,
				99861D2723EFDB5D00B7EBD0 /* Assets.xcassets */,
				99861D2923EFDB5D00B7EBD0 /* LaunchScreen.storyboard */,
				99861D2C23EFDB5D00B7EBD0 /* Info.plist */,
			);
			path = HelloVisitor;
			sourceTree = "<group>";
		};
/* End PBXGroup section */

/* Begin PBXNativeTarget section */
		99861D1A23EFDB5900B7EBD0 /* HelloVisitor */ = {
			isa = PBXNativeTarget;
			buildConfigurationList = 99861D2F23EFDB5D00B7EBD0 /* Build configuration list for PBXNativeTarget "HelloVisitor" */;
			buildPhases = (
				99861D1723EFDB5900B7EBD0 /* Sources */,
				99861D1823EFDB5900B7EBD0 /* Frameworks */,
				99861D1923EFDB5900B7EBD0 /* Resources */,
			);
			buildRules = (
			);
			dependencies = (
			);
			name = HelloVisitor;
			productName = HelloVisitor;
			productReference = 99861D1B23EFDB5900B7EBD0 /* HelloVisitor.app */;
			productType = "com.apple.product-type.application";
		};
/* End PBXNativeTarget section */

/* Begin PBXProject section */
		99861D1323EFDB5900B7EBD0 /* Project object */ = {
			isa = PBXProject;
			attributes = {
				LastSwiftUpdateCheck = 1130;
				LastUpgradeCheck = 1130;
				ORGANIZATIONNAME = CDNS;
				TargetAttributes = {
					99861D1A23EFDB5900B7EBD0 = {
						CreatedOnToolsVersion = 11.3;
					};
				};
			};
			buildConfigurationList = 99861D1623EFDB5900B7EBD0 /* Build configuration list for PBXProject "HelloVisitor" */;
			compatibilityVersion = "Xcode 9.3";
			developmentRegion = en;
			hasScannedForEncodings = 0;
			knownRegions = (
				en,
				Base,
			);
			mainGroup = 99861D1223EFDB5900B7EBD0;
			productRefGroup = 99861D1C23EFDB5900B7EBD0 /* Products */;
			projectDirPath = "";
			projectRoot = "";
			targets = (
				99861D1A23EFDB5900B7EBD0 /* HelloVisitor */,
			);
		};
/* End PBXProject section */

/* Begin PBXResourcesBuildPhase section */
		99861D1923EFDB5900B7EBD0 /* Resources */ = {
			isa = PBXResourcesBuildPhase;
			buildActionMask = 2147483647;
			files = (
				99861D2B23EFDB5D00B7EBD0 /* LaunchScreen.storyboard in Resources */,
				99861D2823EFDB5D00B7EBD0 /* Assets.xcassets in Resources */,
				99861D2623EFDB5900B7EBD0 /* Main.storyboard in Resources */,
			);
			runOnlyForDeploymentPostprocessing = 0;
		};
/* End PBXResourcesBuildPhase section */

/* Begin PBXSourcesBuildPhase section */
		99861D1723EFDB5900B7EBD0 /* Sources */ = {
			isa = PBXSourcesBuildPhase;
			buildActionMask = 2147483647;
			files = (
				99861D2323EFDB5900B7EBD0 /* ViewController.swift in Sources */,
				99861D1F23EFDB5900B7EBD0 /* AppDelegate.swift in Sources */,
				99861D2123EFDB5900B7EBD0 /* SceneDelegate.swift in Sources */,
			);
			runOnlyForDeploymentPostprocessing = 0;
		};
/* End PBXSourcesBuildPhase section */

/* Begin PBXVariantGroup section */
		99861D2423EFDB5900B7EBD0 /* Main.storyboard */ = {
			isa = PBXVariantGroup;
			children = (
				99861D2523EFDB5900B7EBD0 /* Base */,
			);
			name = Main.storyboard;
			sourceTree = "<group>";
		};
		99861D2923EFDB5D00B7EBD0 /* LaunchScreen.storyboard */ = {
			isa = PBXVariantGroup;
			children = (
				99861D2A23EFDB5D00B7EBD0 /* Base */,
			);
			name = LaunchScreen.storyboard;
			sourceTree = "<group>";
		};
/* End PBXVariantGroup section */

/* Begin XCBuildConfiguration section */
		99861D2D23EFDB5D00B7EBD0 /* Debug */ = {
			isa = XCBuildConfiguration;
			buildSettings = {
				ALWAYS_SEARCH_USER_PATHS = NO;
				CLANG_ANALYZER_NONNULL = YES;
				CLANG_ANALYZER_NUMBER_OBJECT_CONVERSION = YES_AGGRESSIVE;
				CLANG_CXX_LANGUAGE_STANDARD = "gnu++14";
				CLANG_CXX_LIBRARY = "libc++";
				CLANG_ENABLE_MODULES = YES;
				CLANG_ENABLE_OBJC_ARC = YES;
				CLANG_ENABLE_OBJC_WEAK = YES;
				CLANG_WARN_BLOCK_CAPTURE_AUTORELEASING = YES;
				CLANG_WARN_BOOL_CONVERSION = YES;
				CLANG_WARN_COMMA = YES;
				CLANG_WARN_CONSTANT_CONVERSION = YES;
				CLANG_WARN_DEPRECATED_OBJC_IMPLEMENTATIONS = YES;
				CLANG_WARN_DIRECT_OBJC_ISA_USAGE = YES_ERROR;
				CLANG_WARN_DOCUMENTATION_COMMENTS = YES;
				CLANG_WARN_EMPTY_BODY = YES;
				CLANG_WARN_ENUM_CONVERSION = YES;
				CLANG_WARN_INFINITE_RECURSION = YES;
				CLANG_WARN_INT_CONVERSION = YES;
				CLANG_WARN_NON_LITERAL_NULL_CONVERSION = YES;
				CLANG_WARN_OBJC_IMPLICIT_RETAIN_SELF = YES;
				CLANG_WARN_OBJC_LITERAL_CONVERSION = YES;
				CLANG_WARN_OBJC_ROOT_CLASS = YES_ERROR;
				CLANG_WARN_RANGE_LOOP_ANALYSIS = YES;
				CLANG_WARN_STRICT_PROTOTYPES = YES;
				CLANG_WARN_SUSPICIOUS_MOVE = YES;
				CLANG_WARN_UNGUARDED_AVAILABILITY = YES_AGGRESSIVE;
				CLANG_WARN_UNREACHABLE_CODE = YES;
				CLANG_WARN__DUPLICATE_METHOD_MATCH = YES;
				COPY_PHASE_STRIP = NO;
				DEBUG_INFORMATION_FORMAT = dwarf;
				ENABLE_STRICT_OBJC_MSGSEND = YES;
				ENABLE_TESTABILITY = YES;
				GCC_C_LANGUAGE_STANDARD = gnu11;
				GCC_DYNAMIC_NO_PIC = NO;
				GCC_NO_COMMON_BLOCKS = YES;
				GCC_OPTIMIZATION_LEVEL = 0;
				GCC_PREPROCESSOR_DEFINITIONS = (
					"DEBUG=1",
					"$(inherited)",
				);
				GCC_WARN_64_TO_32_BIT_CONVERSION = YES;
				GCC_WARN_ABOUT_RETURN_TYPE = YES_ERROR;
				GCC_WARN_UNDECLARED_SELECTOR = YES;
				GCC_WARN_UNINITIALIZED_AUTOS = YES_AGGRESSIVE;
				GCC_WARN_UNUSED_FUNCTION = YES;
				GCC_WARN_UNUSED_VARIABLE = YES;
				IPHONEOS_DEPLOYMENT_TARGET = 13.2;
				MTL_ENABLE_DEBUG_INFO = INCLUDE_SOURCE;
				MTL_FAST_MATH = YES;
				ONLY_ACTIVE_ARCH = YES;
				SDKROOT = iphoneos;
				SWIFT_ACTIVE_COMPILATION_CONDITIONS = DEBUG;
				SWIFT_OPTIMIZATION_LEVEL = "-Onone";
			};
			name = Debug;
		};
		99861D2E23EFDB5D00B7EBD0 /* Release */ = {
			isa = XCBuildConfiguration;
			buildSettings = {
				ALWAYS_SEARCH_USER_PATHS = NO;
				CLANG_ANALYZER_NONNULL = YES;
				CLANG_ANALYZER_NUMBER_OBJECT_CONVERSION = YES_AGGRESSIVE;
				CLANG_CXX_LANGUAGE_STANDARD = "gnu++14";
				CLANG_CXX_LIBRARY = "libc++";
				CLANG_ENABLE_MODULES = YES;
				CLANG_ENABLE_OBJC_ARC = YES;
				CLANG_ENABLE_OBJC_WEAK = YES;
				CLANG_WARN_BLOCK_CAPTURE_AUTORELEASING = YES;
				CLANG_WARN_BOOL_CONVERSION = YES;
				CLANG_WARN_COMMA = YES;
				CLANG_WARN_CONSTANT_CONVERSION = YES;
				CLANG_WARN_DEPRECATED_OBJC_IMPLEMENTATIONS = YES;
				CLANG_WARN_DIRECT_OBJC_ISA_USAGE = YES_ERROR;
				CLANG_WARN_DOCUMENTATION_COMMENTS = YES;
				CLANG_WARN_EMPTY_BODY = YES;
				CLANG_WARN_ENUM_CONVERSION = YES;
				CLANG_WARN_INFINITE_RECURSION = YES;
				CLANG_WARN_INT_CONVERSION = YES;
				CLANG_WARN_NON_LITERAL_NULL_CONVERSION = YES;
				CLANG_WARN_OBJC_IMPLICIT_RETAIN_SELF = YES;
				CLANG_WARN_OBJC_LITERAL_CONVERSION = YES;
				CLANG_WARN_OBJC_ROOT_CLASS = YES_ERROR;
				CLANG_WARN_RANGE_LOOP_ANALYSIS = YES;
				CLANG_WARN_STRICT_PROTOTYPES = YES;
				CLANG_WARN_SUSPICIOUS_MOVE = YES;
				CLANG_WARN_UNGUARDED_AVAILABILITY = YES_AGGRESSIVE;
				CLANG_WARN_UNREACHABLE_CODE = YES;
				CLANG_WARN__DUPLICATE_METHOD_MATCH = YES;
				COPY_PHASE_STRIP = NO;
				DEBUG_INFORMATION_FORMAT = "dwarf-with-dsym";
				ENABLE_NS_ASSERTIONS = NO;
				ENABLE_STRICT_OBJC_MSGSEND = YES;
				GCC_C_LANGUAGE_STANDARD = gnu11;
				GCC_NO_COMMON_BLOCKS = YES;
				GCC_WARN_64_TO_32_BIT_CONVERSION = YES;
				GCC_WARN_ABOUT_RETURN_TYPE = YES_ERROR;
				GCC_WARN_UNDECLARED_SELECTOR = YES;
				GCC_WARN_UNINITIALIZED_AUTOS = YES_AGGRESSIVE;
				GCC_WARN_UNUSED_FUNCTION = YES;
				GCC_WARN_UNUSED_VARIABLE = YES;
				IPHONEOS_DEPLOYMENT_TARGET = 13.2;
				MTL_ENABLE_DEBUG_INFO = NO;
				MTL_FAST_MATH = YES;
				SDKROOT = iphoneos;
				SWIFT_COMPILATION_MODE = wholemodule;
				SWIFT_OPTIMIZATION_LEVEL = "-O";
				VALIDATE_PRODUCT = YES;
			};
			name = Release;
		};
		99861D3023EFDB5D00B7EBD0 /* Debug */ = {
			isa = XCBuildConfiguration;
			buildSettings = {
				ASSETCATALOG_COMPILER_APPICON_NAME = AppIcon;
				CODE_SIGN_STYLE = Automatic;
				DEVELOPMENT_TEAM = Q9N53T7P53;
				INFOPLIST_FILE = HelloVisitor/Info.plist;
				LD_RUNPATH_SEARCH_PATHS = (
					"$(inherited)",
					"@executable_path/Frameworks",
				);
				PRODUCT_BUNDLE_IDENTIFIER = com.cdns.HelloVisitor;
				PRODUCT_NAME = "$(TARGET_NAME)";
				SWIFT_VERSION = 5.0;
				TARGETED_DEVICE_FAMILY = "1,2";
			};
			name = Debug;
		};
		99861D3123EFDB5D00B7EBD0 /* Release */ = {
			isa = XCBuildConfiguration;
			buildSettings = {
				ASSETCATALOG_COMPILER_APPICON_NAME = AppIcon;
				CODE_SIGN_STYLE = Automatic;
				DEVELOPMENT_TEAM = Q9N53T7P53;
				INFOPLIST_FILE = HelloVisitor/Info.plist;
				LD_RUNPATH_SEARCH_PATHS = (
					"$(inherited)",
					"@executable_path/Frameworks",
				);
				PRODUCT_BUNDLE_IDENTIFIER = com.cdns.HelloVisitor;
				PRODUCT_NAME = "$(TARGET_NAME)";
				SWIFT_VERSION = 5.0;
				TARGETED_DEVICE_FAMILY = "1,2";
			};
			name = Release;
		};
/* End XCBuildConfiguration section */

/* Begin XCConfigurationList section */
		99861D1623EFDB5900B7EBD0 /* Build configuration list for PBXProject "HelloVisitor" */ = {
			isa = XCConfigurationList;
			buildConfigurations = (
				99861D2D23EFDB5D00B7EBD0 /* Debug */,
				99861D2E23EFDB5D00B7EBD0 /* Release */,
			);
			defaultConfigurationIsVisible = 0;
			defaultConfigurationName = Release;
		};
		99861D2F23EFDB5D00B7EBD0 /* Build configuration list for PBXNativeTarget "HelloVisitor" */ = {
			isa = XCConfigurationList;
			buildConfigurations = (
				99861D3023EFDB5D00B7EBD0 /* Debug */,
				99861D3123EFDB5D00B7EBD0 /* Release */,
			);
			defaultConfigurationIsVisible = 0;
			defaultConfigurationName = Release;
		};
/* End XCConfigurationList section */
	};
	rootObject = 99861D1323EFDB5900B7EBD0 /* Project object */;
}
